// !$*UTF8*$!
{
	archiveVersion = 1;
	classes = {
	};
	objectVersion = 46;
	objects = {

/* Begin PBXBuildFile section */
		BF1792C71A52F86A000F330B /* AppDelegate.swift in Sources */ = {isa = PBXBuildFile; fileRef = BF1792C61A52F86A000F330B /* AppDelegate.swift */; };
		BF1792C91A52F86A000F330B /* ViewController.swift in Sources */ = {isa = PBXBuildFile; fileRef = BF1792C81A52F86A000F330B /* ViewController.swift */; };
		BF1792CC1A52F86A000F330B /* Main.storyboard in Resources */ = {isa = PBXBuildFile; fileRef = BF1792CA1A52F86A000F330B /* Main.storyboard */; };
		BF1792CE1A52F86A000F330B /* Images.xcassets in Resources */ = {isa = PBXBuildFile; fileRef = BF1792CD1A52F86A000F330B /* Images.xcassets */; };
		BF1792D11A52F86A000F330B /* LaunchScreen.xib in Resources */ = {isa = PBXBuildFile; fileRef = BF1792CF1A52F86A000F330B /* LaunchScreen.xib */; };
		BF1792DD1A52F86A000F330B /* PostcardTests.swift in Sources */ = {isa = PBXBuildFile; fileRef = BF1792DC1A52F86A000F330B /* PostcardTests.swift */; };
/* End PBXBuildFile section */

/* Begin PBXContainerItemProxy section */
		BF1792D71A52F86A000F330B /* PBXContainerItemProxy */ = {
			isa = PBXContainerItemProxy;
			containerPortal = BF1792B91A52F86A000F330B /* Project object */;
			proxyType = 1;
			remoteGlobalIDString = BF1792C01A52F86A000F330B;
			remoteInfo = Postcard;
		};
/* End PBXContainerItemProxy section */

/* Begin PBXFileReference section */
		BF1792C11A52F86A000F330B /* Postcard.app */ = {isa = PBXFileReference; explicitFileType = wrapper.application; includeInIndex = 0; path = Postcard.app; sourceTree = BUILT_PRODUCTS_DIR; };
		BF1792C51A52F86A000F330B /* Info.plist */ = {isa = PBXFileReference; lastKnownFileType = text.plist.xml; path = Info.plist; sourceTree = "<group>"; };
		BF1792C61A52F86A000F330B /* AppDelegate.swift */ = {isa = PBXFileReference; lastKnownFileType = sourcecode.swift; path = AppDelegate.swift; sourceTree = "<group>"; };
		BF1792C81A52F86A000F330B /* ViewController.swift */ = {isa = PBXFileReference; lastKnownFileType = sourcecode.swift; path = ViewController.swift; sourceTree = "<group>"; };
		BF1792CB1A52F86A000F330B /* Base */ = {isa = PBXFileReference; lastKnownFileType = file.storyboard; name = Base; path = Base.lproj/Main.storyboard; sourceTree = "<group>"; };
		BF1792CD1A52F86A000F330B /* Images.xcassets */ = {isa = PBXFileReference; lastKnownFileType = folder.assetcatalog; path = Images.xcassets; sourceTree = "<group>"; };
		BF1792D01A52F86A000F330B /* Base */ = {isa = PBXFileReference; lastKnownFileType = file.xib; name = Base; path = Base.lproj/LaunchScreen.xib; sourceTree = "<group>"; };
		BF1792D61A52F86A000F330B /* PostcardTests.xctest */ = {isa = PBXFileReference; explicitFileType = wrapper.cfbundle; includeInIndex = 0; path = PostcardTests.xctest; sourceTree = BUILT_PRODUCTS_DIR; };
		BF1792DB1A52F86A000F330B /* Info.plist */ = {isa = PBXFileReference; lastKnownFileType = text.plist.xml; path = Info.plist; sourceTree = "<group>"; };
		BF1792DC1A52F86A000F330B /* PostcardTests.swift */ = {isa = PBXFileReference; lastKnownFileType = sourcecode.swift; path = PostcardTests.swift; sourceTree = "<group>"; };
/* End PBXFileReference section */

/* Begin PBXFrameworksBuildPhase section */
		BF1792BE1A52F86A000F330B /* Frameworks */ = {
			isa = PBXFrameworksBuildPhase;
			buildActionMask = 2147483647;
			files = (
			);
			runOnlyForDeploymentPostprocessing = 0;
		};
		BF1792D31A52F86A000F330B /* Frameworks */ = {
			isa = PBXFrameworksBuildPhase;
			buildActionMask = 2147483647;
			files = (
			);
			runOnlyForDeploymentPostprocessing = 0;
		};
/* End PBXFrameworksBuildPhase section */

/* Begin PBXGroup section */
		BF1792B81A52F86A000F330B = {
			isa = PBXGroup;
			children = (
				BF1792C31A52F86A000F330B /* Postcard */,
				BF1792D91A52F86A000F330B /* PostcardTests */,
				BF1792C21A52F86A000F330B /* Products */,
			);
			sourceTree = "<group>";
		};
		BF1792C21A52F86A000F330B /* Products */ = {
			isa = PBXGroup;
			children = (
				BF1792C11A52F86A000F330B /* Postcard.app */,
				BF1792D61A52F86A000F330B /* PostcardTests.xctest */,
			);
			name = Products;
			sourceTree = "<group>";
		};
		BF1792C31A52F86A000F330B /* Postcard */ = {
			isa = PBXGroup;
			children = (
				BF1792C61A52F86A000F330B /* AppDelegate.swift */,
				BF1792C81A52F86A000F330B /* ViewController.swift */,
				BF1792CA1A52F86A000F330B /* Main.storyboard */,
				BF1792CD1A52F86A000F330B /* Images.xcassets */,
				BF1792CF1A52F86A000F330B /* LaunchScreen.xib */,
				BF1792C41A52F86A000F330B /* Supporting Files */,
			);
			path = Postcard;
			sourceTree = "<group>";
		};
		BF1792C41A52F86A000F330B /* Supporting Files */ = {
			isa = PBXGroup;
			children = (
				BF1792C51A52F86A000F330B /* Info.plist */,
			);
			name = "Supporting Files";
			sourceTree = "<group>";
		};
		BF1792D91A52F86A000F330B /* PostcardTests */ = {
			isa = PBXGroup;
			children = (
				BF1792DC1A52F86A000F330B /* PostcardTests.swift */,
				BF1792DA1A52F86A000F330B /* Supporting Files */,
			);
			path = PostcardTests;
			sourceTree = "<group>";
		};
		BF1792DA1A52F86A000F330B /* Supporting Files */ = {
			isa = PBXGroup;
			children = (
				BF1792DB1A52F86A000F330B /* Info.plist */,
			);
			name = "Supporting Files";
			sourceTree = "<group>";
		};
/* End PBXGroup section */

/* Begin PBXNativeTarget section */
		BF1792C01A52F86A000F330B /* Postcard */ = {
			isa = PBXNativeTarget;
			buildConfigurationList = BF1792E01A52F86A000F330B /* Build configuration list for PBXNativeTarget "Postcard" */;
			buildPhases = (
				BF1792BD1A52F86A000F330B /* Sources */,
				BF1792BE1A52F86A000F330B /* Frameworks */,
				BF1792BF1A52F86A000F330B /* Resources */,
			);
			buildRules = (
			);
			dependencies = (
			);
			name = Postcard;
			productName = Postcard;
			productReference = BF1792C11A52F86A000F330B /* Postcard.app */;
			productType = "com.apple.product-type.application";
		};
		BF1792D51A52F86A000F330B /* PostcardTests */ = {
			isa = PBXNativeTarget;
			buildConfigurationList = BF1792E31A52F86A000F330B /* Build configuration list for PBXNativeTarget "PostcardTests" */;
			buildPhases = (
				BF1792D21A52F86A000F330B /* Sources */,
				BF1792D31A52F86A000F330B /* Frameworks */,
				BF1792D41A52F86A000F330B /* Resources */,
			);
			buildRules = (
			);
			dependencies = (
				BF1792D81A52F86A000F330B /* PBXTargetDependency */,
			);
			name = PostcardTests;
			productName = PostcardTests;
			productReference = BF1792D61A52F86A000F330B /* PostcardTests.xctest */;
			productType = "com.apple.product-type.bundle.unit-test";
		};
/* End PBXNativeTarget section */

/* Begin PBXProject section */
		BF1792B91A52F86A000F330B /* Project object */ = {
			isa = PBXProject;
			attributes = {
				LastUpgradeCheck = 0610;
				ORGANIZATIONNAME = "Kridnet Software";
				TargetAttributes = {
					BF1792C01A52F86A000F330B = {
						CreatedOnToolsVersion = 6.1.1;
					};
					BF1792D51A52F86A000F330B = {
						CreatedOnToolsVersion = 6.1.1;
						TestTargetID = BF1792C01A52F86A000F330B;
					};
				};
			};
			buildConfigurationList = BF1792BC1A52F86A000F330B /* Build configuration list for PBXProject "Postcard" */;
			compatibilityVersion = "Xcode 3.2";
			developmentRegion = English;
			hasScannedForEncodings = 0;
			knownRegions = (
				en,
				Base,
			);
			mainGroup = BF1792B81A52F86A000F330B;
			productRefGroup = BF1792C21A52F86A000F330B /* Products */;
			projectDirPath = "";
			projectRoot = "";
			targets = (
				BF1792C01A52F86A000F330B /* Postcard */,
				BF1792D51A52F86A000F330B /* PostcardTests */,
			);
		};
/* End PBXProject section */

/* Begin PBXResourcesBuildPhase section */
		BF1792BF1A52F86A000F330B /* Resources */ = {
			isa = PBXResourcesBuildPhase;
			buildActionMask = 2147483647;
			files = (
				BF1792CC1A52F86A000F330B /* Main.storyboard in Resources */,
				BF1792D11A52F86A000F330B /* LaunchScreen.xib in Resources */,
				BF1792CE1A52F86A000F330B /* Images.xcassets in Resources */,
			);
			runOnlyForDeploymentPostprocessing = 0;
		};
		BF1792D41A52F86A000F330B /* Resources */ = {
			isa = PBXResourcesBuildPhase;
			buildActionMask = 2147483647;
			files = (
			);
			runOnlyForDeploymentPostprocessing = 0;
		};
/* End PBXResourcesBuildPhase section */

/* Begin PBXSourcesBuildPhase section */
		BF1792BD1A52F86A000F330B /* Sources */ = {
			isa = PBXSourcesBuildPhase;
			buildActionMask = 2147483647;
			files = (
				BF1792C91A52F86A000F330B /* ViewController.swift in Sources */,
				BF1792C71A52F86A000F330B /* AppDelegate.swift in Sources */,
			);
			runOnlyForDeploymentPostprocessing = 0;
		};
		BF1792D21A52F86A000F330B /* Sources */ = {
			isa = PBXSourcesBuildPhase;
			buildActionMask = 2147483647;
			files = (
				BF1792DD1A52F86A000F330B /* PostcardTests.swift in Sources */,
			);
			runOnlyForDeploymentPostprocessing = 0;
		};
/* End PBXSourcesBuildPhase section */

/* Begin PBXTargetDependency section */
		BF1792D81A52F86A000F330B /* PBXTargetDependency */ = {
			isa = PBXTargetDependency;
			target = BF1792C01A52F86A000F330B /* Postcard */;
			targetProxy = BF1792D71A52F86A000F330B /* PBXContainerItemProxy */;
		};
/* End PBXTargetDependency section */

/* Begin PBXVariantGroup section */
		BF1792CA1A52F86A000F330B /* Main.storyboard */ = {
			isa = PBXVariantGroup;
			children = (
				BF1792CB1A52F86A000F330B /* Base */,
			);
			name = Main.storyboard;
			sourceTree = "<group>";
		};
		BF1792CF1A52F86A000F330B /* LaunchScreen.xib */ = {
			isa = PBXVariantGroup;
			children = (
				BF1792D01A52F86A000F330B /* Base */,
			);
			name = LaunchScreen.xib;
			sourceTree = "<group>";
		};
/* End PBXVariantGroup section */

/* Begin XCBuildConfiguration section */
		BF1792DE1A52F86A000F330B /* Debug */ = {
			isa = XCBuildConfiguration;
			buildSettings = {
				ALWAYS_SEARCH_USER_PATHS = NO;
				CLANG_CXX_LANGUAGE_STANDARD = "gnu++0x";
				CLANG_CXX_LIBRARY = "libc++";
				CLANG_ENABLE_MODULES = YES;
				CLANG_ENABLE_OBJC_ARC = YES;
				CLANG_WARN_BOOL_CONVERSION = YES;
				CLANG_WARN_CONSTANT_CONVERSION = YES;
				CLANG_WARN_DIRECT_OBJC_ISA_USAGE = YES_ERROR;
				CLANG_WARN_EMPTY_BODY = YES;
				CLANG_WARN_ENUM_CONVERSION = YES;
				CLANG_WARN_INT_CONVERSION = YES;
				CLANG_WARN_OBJC_ROOT_CLASS = YES_ERROR;
				CLANG_WARN_UNREACHABLE_CODE = YES;
				CLANG_WARN__DUPLICATE_METHOD_MATCH = YES;
				"CODE_SIGN_IDENTITY[sdk=iphoneos*]" = "iPhone Developer";
				COPY_PHASE_STRIP = NO;
				ENABLE_STRICT_OBJC_MSGSEND = YES;
				GCC_C_LANGUAGE_STANDARD = gnu99;
				GCC_DYNAMIC_NO_PIC = NO;
				GCC_OPTIMIZATION_LEVEL = 0;
				GCC_PREPROCESSOR_DEFINITIONS = (
					"DEBUG=1",
					"$(inherited)",
				);
				GCC_SYMBOLS_PRIVATE_EXTERN = NO;
				GCC_WARN_64_TO_32_BIT_CONVERSION = YES;
				GCC_WARN_ABOUT_RETURN_TYPE = YES_ERROR;
				GCC_WARN_UNDECLARED_SELECTOR = YES;
				GCC_WARN_UNINITIALIZED_AUTOS = YES_AGGRESSIVE;
				GCC_WARN_UNUSED_FUNCTION = YES;
				GCC_WARN_UNUSED_VARIABLE = YES;
				IPHONEOS_DEPLOYMENT_TARGET = 8.1;
				MTL_ENABLE_DEBUG_INFO = YES;
				ONLY_ACTIVE_ARCH = YES;
				SDKROOT = iphoneos;
				SWIFT_OPTIMIZATION_LEVEL = "-Onone";
				TARGETED_DEVICE_FAMILY = "1,2";
			};
			name = Debug;
		};
		BF1792DF1A52F86A000F330B /* Release */ = {
			isa = XCBuildConfiguration;
			buildSettings = {
				ALWAYS_SEARCH_USER_PATHS = NO;
				CLANG_CXX_LANGUAGE_STANDARD = "gnu++0x";
				CLANG_CXX_LIBRARY = "libc++";
				CLANG_ENABLE_MODULES = YES;
				CLANG_ENABLE_OBJC_ARC = YES;
				CLANG_WARN_BOOL_CONVERSION = YES;
				CLANG_WARN_CONSTANT_CONVERSION = YES;
				CLANG_WARN_DIRECT_OBJC_ISA_USAGE = YES_ERROR;
				CLANG_WARN_EMPTY_BODY = YES;
				CLANG_WARN_ENUM_CONVERSION = YES;
				CLANG_WARN_INT_CONVERSION = YES;
				CLANG_WARN_OBJC_ROOT_CLASS = YES_ERROR;
				CLANG_WARN_UNREACHABLE_CODE = YES;
				CLANG_WARN__DUPLICATE_METHOD_MATCH = YES;
				"CODE_SIGN_IDENTITY[sdk=iphoneos*]" = "iPhone Developer";
				COPY_PHASE_STRIP = YES;
				ENABLE_NS_ASSERTIONS = NO;
				ENABLE_STRICT_OBJC_MSGSEND = YES;
				GCC_C_LANGUAGE_STANDARD = gnu99;
				GCC_WARN_64_TO_32_BIT_CONVERSION = YES;
				GCC_WARN_ABOUT_RETURN_TYPE = YES_ERROR;
				GCC_WARN_UNDECLARED_SELECTOR = YES;
				GCC_WARN_UNINITIALIZED_AUTOS = YES_AGGRESSIVE;
				GCC_WARN_UNUSED_FUNCTION = YES;
				GCC_WARN_UNUSED_VARIABLE = YES;
				IPHONEOS_DEPLOYMENT_TARGET = 8.1;
				MTL_ENABLE_DEBUG_INFO = NO;
				SDKROOT = iphoneos;
				TARGETED_DEVICE_FAMILY = "1,2";
				VALIDATE_PRODUCT = YES;
			};
			name = Release;
		};
		BF1792E11A52F86A000F330B /* Debug */ = {
			isa = XCBuildConfiguration;
			buildSettings = {
				ASSETCATALOG_COMPILER_APPICON_NAME = AppIcon;
				INFOPLIST_FILE = Postcard/Info.plist;
				LD_RUNPATH_SEARCH_PATHS = "$(inherited) @executable_path/Frameworks";
				PRODUCT_NAME = "$(TARGET_NAME)";
			};
			name = Debug;
		};
		BF1792E21A52F86A000F330B /* Release */ = {
			isa = XCBuildConfiguration;
			buildSettings = {
				ASSETCATALOG_COMPILER_APPICON_NAME = AppIcon;
				INFOPLIST_FILE = Postcard/Info.plist;
				LD_RUNPATH_SEARCH_PATHS = "$(inherited) @executable_path/Frameworks";
				PRODUCT_NAME = "$(TARGET_NAME)";
			};
			name = Release;
		};
		BF1792E41A52F86A000F330B /* Debug */ = {
			isa = XCBuildConfiguration;
			buildSettings = {
				BUNDLE_LOADER = "$(TEST_HOST)";
				FRAMEWORK_SEARCH_PATHS = (
					"$(SDKROOT)/Developer/Library/Frameworks",
					"$(inherited)",
				);
				GCC_PREPROCESSOR_DEFINITIONS = (
					"DEBUG=1",
					"$(inherited)",
				);
				INFOPLIST_FILE = PostcardTests/Info.plist;
				LD_RUNPATH_SEARCH_PATHS = "$(inherited) @executable_path/Frameworks @loader_path/Frameworks";
				PRODUCT_NAME = "$(TARGET_NAME)";
				TEST_HOST = "$(BUILT_PRODUCTS_DIR)/Postcard.app/Postcard";
			};
			name = Debug;
		};
		BF1792E51A52F86A000F330B /* Release */ = {
			isa = XCBuildConfiguration;
			buildSettings = {
				BUNDLE_LOADER = "$(TEST_HOST)";
				FRAMEWORK_SEARCH_PATHS = (
					"$(SDKROOT)/Developer/Library/Frameworks",
					"$(inherited)",
				);
				INFOPLIST_FILE = PostcardTests/Info.plist;
				LD_RUNPATH_SEARCH_PATHS = "$(inherited) @executable_path/Frameworks @loader_path/Frameworks";
				PRODUCT_NAME = "$(TARGET_NAME)";
				TEST_HOST = "$(BUILT_PRODUCTS_DIR)/Postcard.app/Postcard";
			};
			name = Release;
		};
/* End XCBuildConfiguration section */

/* Begin XCConfigurationList section */
		BF1792BC1A52F86A000F330B /* Build configuration list for PBXProject "Postcard" */ = {
			isa = XCConfigurationList;
			buildConfigurations = (
				BF1792DE1A52F86A000F330B /* Debug */,
				BF1792DF1A52F86A000F330B /* Release */,
			);
			defaultConfigurationIsVisible = 0;
			defaultConfigurationName = Release;
		};
		BF1792E01A52F86A000F330B /* Build configuration list for PBXNativeTarget "Postcard" */ = {
			isa = XCConfigurationList;
			buildConfigurations = (
				BF1792E11A52F86A000F330B /* Debug */,
				BF1792E21A52F86A000F330B /* Release */,
			);
			defaultConfigurationIsVisible = 0;
		};
		BF1792E31A52F86A000F330B /* Build configuration list for PBXNativeTarget "PostcardTests" */ = {
			isa = XCConfigurationList;
			buildConfigurations = (
				BF1792E41A52F86A000F330B /* Debug */,
				BF1792E51A52F86A000F330B /* Release */,
			);
			defaultConfigurationIsVisible = 0;
		};
/* End XCConfigurationList section */
	};
	rootObject = BF1792B91A52F86A000F330B /* Project object */;
}
